
Microsoft Visual Studio Solution File, Format Version 12.00
# Visual Studio 2013
VisualStudioVersion = 12.0.31101.0
MinimumVisualStudioVersion = 10.0.40219.1
Project("{FAE04EC0-301F-11D3-BF4B-00C04F79EFBC}") = "wqwz", "wqwz\wqwz.csproj", "{D9D9D81D-6E23-4656-B264-6D97136F4D19}"
EndProject
Project("{FAE04EC0-301F-11D3-BF4B-00C04F79EFBC}") = "wqwz.Models", "wqwz.Models\wqwz.Models.csproj", "{81931FE8-15C3-4325-9869-47CDE1EC2EA6}"
EndProject
Project("{FAE04EC0-301F-11D3-BF4B-00C04F79EFBC}") = "wqwz.Services", "wqwz.Services\wqwz.Services.csproj", "{99038D03-BF11-4BB4-A79B-BBF9C6110088}"
EndProject
Project("{2150E333-8FDC-42A3-9474-1A3956D46DE8}") = "Solution Items", "Solution Items", "{4BAE37F4-981D-4A2C-B02F-BE2DE4EB71D2}"
	ProjectSection(SolutionItems) = preProject
		说明.txt = 说明.txt
	EndProjectSection
EndProject
Global
	GlobalSection(SolutionConfigurationPlatforms) = preSolution
		Debug|Any CPU = Debug|Any CPU
		Release|Any CPU = Release|Any CPU
	EndGlobalSection
	GlobalSection(ProjectConfigurationPlatforms) = postSolution
		{D9D9D81D-6E23-4656-B264-6D97136F4D19}.Debug|Any CPU.ActiveCfg = Debug|Any CPU
		{D9D9D81D-6E23-4656-B264-6D97136F4D19}.Debug|Any CPU.Build.0 = Debug|Any CPU
		{D9D9D81D-6E23-4656-B264-6D97136F4D19}.Release|Any CPU.ActiveCfg = Release|Any CPU
		{D9D9D81D-6E23-4656-B264-6D97136F4D19}.Release|Any CPU.Build.0 = Release|Any CPU
		{81931FE8-15C3-4325-9869-47CDE1EC2EA6}.Debug|Any CPU.ActiveCfg = Debug|Any CPU
		{81931FE8-15C3-4325-9869-47CDE1EC2EA6}.Debug|Any CPU.Build.0 = Debug|Any CPU
		{81931FE8-15C3-4325-9869-47CDE1EC2EA6}.Release|Any CPU.ActiveCfg = Release|Any CPU
		{81931FE8-15C3-4325-9869-47CDE1EC2EA6}.Release|Any CPU.Build.0 = Release|Any CPU
		{99038D03-BF11-4BB4-A79B-BBF9C6110088}.Debug|Any CPU.ActiveCfg = Debug|Any CPU
		{99038D03-BF11-4BB4-A79B-BBF9C6110088}.Debug|Any CPU.Build.0 = Debug|Any CPU
		{99038D03-BF11-4BB4-A79B-BBF9C6110088}.Release|Any CPU.ActiveCfg = Release|Any CPU
		{99038D03-BF11-4BB4-A79B-BBF9C6110088}.Release|Any CPU.Build.0 = Release|Any CPU
	EndGlobalSection
	GlobalSection(SolutionProperties) = preSolution
		HideSolutionNode = FALSE
	EndGlobalSection
EndGlobal
